
Microsoft Visual Studio Solution File, Format Version 12.00
# Visual Studio Version 16
VisualStudioVersion = 16.0.30114.105
MinimumVisualStudioVersion = 10.0.40219.1
Project("{2150E333-8FDC-42A3-9474-1A3956D46DE8}") = "Sources", "Sources", "{3FB004DF-C386-4C05-8B76-851A1E4F393D}"
EndProject
Project("{FAE04EC0-301F-11D3-BF4B-00C04F79EFBC}") = "Example.ConsoleApp", "Sources\Example.ConsoleApp\Example.ConsoleApp.csproj", "{83A5D11B-5B9F-4430-A151-CA2D4070FA82}"
EndProject
Project("{FAE04EC0-301F-11D3-BF4B-00C04F79EFBC}") = "Example.WebApp", "Sources\Example.WebApp\Example.WebApp.csproj", "{B0DED997-2D10-4044-86D7-9ABA291546D1}"
EndProject
Project("{FAE04EC0-301F-11D3-BF4B-00C04F79EFBC}") = "LokiLoggingProvider", "Sources\LokiLoggingProvider\LokiLoggingProvider.csproj", "{AB406A74-26DB-416C-AD85-C1B127D965E7}"
EndProject
Project("{2150E333-8FDC-42A3-9474-1A3956D46DE8}") = "Tests", "Tests", "{0989F6D1-80EF-47CA-9CD8-CE8379C2F398}"
EndProject
Project("{FAE04EC0-301F-11D3-BF4B-00C04F79EFBC}") = "LokiLoggingProvider.UnitTests", "Tests\LokiLoggingProvider.UnitTests\LokiLoggingProvider.UnitTests.csproj", "{E9C76702-801E-4A7E-8FAA-155978870FD3}"
EndProject
Global
	GlobalSection(SolutionConfigurationPlatforms) = preSolution
		Debug|Any CPU = Debug|Any CPU
		Release|Any CPU = Release|Any CPU
	EndGlobalSection
	GlobalSection(SolutionProperties) = preSolution
		HideSolutionNode = FALSE
	EndGlobalSection
	GlobalSection(ProjectConfigurationPlatforms) = postSolution
		{83A5D11B-5B9F-4430-A151-CA2D4070FA82}.Debug|Any CPU.ActiveCfg = Debug|Any CPU
		{83A5D11B-5B9F-4430-A151-CA2D4070FA82}.Debug|Any CPU.Build.0 = Debug|Any CPU
		{83A5D11B-5B9F-4430-A151-CA2D4070FA82}.Release|Any CPU.ActiveCfg = Release|Any CPU
		{83A5D11B-5B9F-4430-A151-CA2D4070FA82}.Release|Any CPU.Build.0 = Release|Any CPU
		{B0DED997-2D10-4044-86D7-9ABA291546D1}.Debug|Any CPU.ActiveCfg = Debug|Any CPU
		{B0DED997-2D10-4044-86D7-9ABA291546D1}.Debug|Any CPU.Build.0 = Debug|Any CPU
		{B0DED997-2D10-4044-86D7-9ABA291546D1}.Release|Any CPU.ActiveCfg = Release|Any CPU
		{B0DED997-2D10-4044-86D7-9ABA291546D1}.Release|Any CPU.Build.0 = Release|Any CPU
		{AB406A74-26DB-416C-AD85-C1B127D965E7}.Debug|Any CPU.ActiveCfg = Debug|Any CPU
		{AB406A74-26DB-416C-AD85-C1B127D965E7}.Debug|Any CPU.Build.0 = Debug|Any CPU
		{AB406A74-26DB-416C-AD85-C1B127D965E7}.Release|Any CPU.ActiveCfg = Release|Any CPU
		{AB406A74-26DB-416C-AD85-C1B127D965E7}.Release|Any CPU.Build.0 = Release|Any CPU
		{E9C76702-801E-4A7E-8FAA-155978870FD3}.Debug|Any CPU.ActiveCfg = Debug|Any CPU
		{E9C76702-801E-4A7E-8FAA-155978870FD3}.Debug|Any CPU.Build.0 = Debug|Any CPU
		{E9C76702-801E-4A7E-8FAA-155978870FD3}.Release|Any CPU.ActiveCfg = Release|Any CPU
		{E9C76702-801E-4A7E-8FAA-155978870FD3}.Release|Any CPU.Build.0 = Release|Any CPU
	EndGlobalSection
	GlobalSection(NestedProjects) = preSolution
		{83A5D11B-5B9F-4430-A151-CA2D4070FA82} = {3FB004DF-C386-4C05-8B76-851A1E4F393D}
		{B0DED997-2D10-4044-86D7-9ABA291546D1} = {3FB004DF-C386-4C05-8B76-851A1E4F393D}
		{AB406A74-26DB-416C-AD85-C1B127D965E7} = {3FB004DF-C386-4C05-8B76-851A1E4F393D}
		{E9C76702-801E-4A7E-8FAA-155978870FD3} = {0989F6D1-80EF-47CA-9CD8-CE8379C2F398}
	EndGlobalSection
EndGlobal
