
Microsoft Visual Studio Solution File, Format Version 12.00
# Visual Studio Version 16
VisualStudioVersion = 16.6.30114.105
MinimumVisualStudioVersion = 10.0.40219.1
Project("{2150E333-8FDC-42A3-9474-1A3956D46DE8}") = "Sources", "Sources", "{925AF7D6-2F2E-4BD5-A022-20D8BA4C8E91}"
EndProject
Project("{FAE04EC0-301F-11D3-BF4B-00C04F79EFBC}") = "Example.ConsoleApp", "Sources\Example.ConsoleApp\Example.ConsoleApp.csproj", "{56C62CC7-E91A-423A-A14F-7CD10B0E7FA0}"
EndProject
Project("{FAE04EC0-301F-11D3-BF4B-00C04F79EFBC}") = "Example.WebApp", "Sources\Example.WebApp\Example.WebApp.csproj", "{596DFDEE-FE76-4A6B-9393-3D375C1F4143}"
EndProject
Project("{FAE04EC0-301F-11D3-BF4B-00C04F79EFBC}") = "LokiLoggingProvider", "Sources\LokiLoggingProvider\LokiLoggingProvider.csproj", "{180F6A90-586C-4866-83E4-3362131BEAB1}"
EndProject
Project("{2150E333-8FDC-42A3-9474-1A3956D46DE8}") = "Tests", "Tests", "{1B10CE38-AD8C-4AB0-80BD-A9D62D55B849}"
EndProject
Project("{2150E333-8FDC-42A3-9474-1A3956D46DE8}") = "UnitTests", "UnitTests", "{56CE36E3-9E71-4900-AB46-2993A2A88C33}"
EndProject
Project("{FAE04EC0-301F-11D3-BF4B-00C04F79EFBC}") = "LokiLoggingProvider.UnitTests", "Tests\UnitTests\LokiLoggingProvider.UnitTests\LokiLoggingProvider.UnitTests.csproj", "{1714E4CD-96E8-4E03-AA28-8729E58D7A39}"
EndProject
Global
	GlobalSection(SolutionConfigurationPlatforms) = preSolution
		Debug|Any CPU = Debug|Any CPU
		Debug|x64 = Debug|x64
		Debug|x86 = Debug|x86
		Release|Any CPU = Release|Any CPU
		Release|x64 = Release|x64
		Release|x86 = Release|x86
	EndGlobalSection
	GlobalSection(SolutionProperties) = preSolution
		HideSolutionNode = FALSE
	EndGlobalSection
	GlobalSection(ProjectConfigurationPlatforms) = postSolution
		{56C62CC7-E91A-423A-A14F-7CD10B0E7FA0}.Debug|Any CPU.ActiveCfg = Debug|Any CPU
		{56C62CC7-E91A-423A-A14F-7CD10B0E7FA0}.Debug|Any CPU.Build.0 = Debug|Any CPU
		{56C62CC7-E91A-423A-A14F-7CD10B0E7FA0}.Debug|x64.ActiveCfg = Debug|Any CPU
		{56C62CC7-E91A-423A-A14F-7CD10B0E7FA0}.Debug|x64.Build.0 = Debug|Any CPU
		{56C62CC7-E91A-423A-A14F-7CD10B0E7FA0}.Debug|x86.ActiveCfg = Debug|Any CPU
		{56C62CC7-E91A-423A-A14F-7CD10B0E7FA0}.Debug|x86.Build.0 = Debug|Any CPU
		{56C62CC7-E91A-423A-A14F-7CD10B0E7FA0}.Release|Any CPU.ActiveCfg = Release|Any CPU
		{56C62CC7-E91A-423A-A14F-7CD10B0E7FA0}.Release|Any CPU.Build.0 = Release|Any CPU
		{56C62CC7-E91A-423A-A14F-7CD10B0E7FA0}.Release|x64.ActiveCfg = Release|Any CPU
		{56C62CC7-E91A-423A-A14F-7CD10B0E7FA0}.Release|x64.Build.0 = Release|Any CPU
		{56C62CC7-E91A-423A-A14F-7CD10B0E7FA0}.Release|x86.ActiveCfg = Release|Any CPU
		{56C62CC7-E91A-423A-A14F-7CD10B0E7FA0}.Release|x86.Build.0 = Release|Any CPU
		{596DFDEE-FE76-4A6B-9393-3D375C1F4143}.Debug|Any CPU.ActiveCfg = Debug|Any CPU
		{596DFDEE-FE76-4A6B-9393-3D375C1F4143}.Debug|Any CPU.Build.0 = Debug|Any CPU
		{596DFDEE-FE76-4A6B-9393-3D375C1F4143}.Debug|x64.ActiveCfg = Debug|Any CPU
		{596DFDEE-FE76-4A6B-9393-3D375C1F4143}.Debug|x64.Build.0 = Debug|Any CPU
		{596DFDEE-FE76-4A6B-9393-3D375C1F4143}.Debug|x86.ActiveCfg = Debug|Any CPU
		{596DFDEE-FE76-4A6B-9393-3D375C1F4143}.Debug|x86.Build.0 = Debug|Any CPU
		{596DFDEE-FE76-4A6B-9393-3D375C1F4143}.Release|Any CPU.ActiveCfg = Release|Any CPU
		{596DFDEE-FE76-4A6B-9393-3D375C1F4143}.Release|Any CPU.Build.0 = Release|Any CPU
		{596DFDEE-FE76-4A6B-9393-3D375C1F4143}.Release|x64.ActiveCfg = Release|Any CPU
		{596DFDEE-FE76-4A6B-9393-3D375C1F4143}.Release|x64.Build.0 = Release|Any CPU
		{596DFDEE-FE76-4A6B-9393-3D375C1F4143}.Release|x86.ActiveCfg = Release|Any CPU
		{596DFDEE-FE76-4A6B-9393-3D375C1F4143}.Release|x86.Build.0 = Release|Any CPU
		{180F6A90-586C-4866-83E4-3362131BEAB1}.Debug|Any CPU.ActiveCfg = Debug|Any CPU
		{180F6A90-586C-4866-83E4-3362131BEAB1}.Debug|Any CPU.Build.0 = Debug|Any CPU
		{180F6A90-586C-4866-83E4-3362131BEAB1}.Debug|x64.ActiveCfg = Debug|Any CPU
		{180F6A90-586C-4866-83E4-3362131BEAB1}.Debug|x64.Build.0 = Debug|Any CPU
		{180F6A90-586C-4866-83E4-3362131BEAB1}.Debug|x86.ActiveCfg = Debug|Any CPU
		{180F6A90-586C-4866-83E4-3362131BEAB1}.Debug|x86.Build.0 = Debug|Any CPU
		{180F6A90-586C-4866-83E4-3362131BEAB1}.Release|Any CPU.ActiveCfg = Release|Any CPU
		{180F6A90-586C-4866-83E4-3362131BEAB1}.Release|Any CPU.Build.0 = Release|Any CPU
		{180F6A90-586C-4866-83E4-3362131BEAB1}.Release|x64.ActiveCfg = Release|Any CPU
		{180F6A90-586C-4866-83E4-3362131BEAB1}.Release|x64.Build.0 = Release|Any CPU
		{180F6A90-586C-4866-83E4-3362131BEAB1}.Release|x86.ActiveCfg = Release|Any CPU
		{180F6A90-586C-4866-83E4-3362131BEAB1}.Release|x86.Build.0 = Release|Any CPU
		{1714E4CD-96E8-4E03-AA28-8729E58D7A39}.Debug|Any CPU.ActiveCfg = Debug|Any CPU
		{1714E4CD-96E8-4E03-AA28-8729E58D7A39}.Debug|Any CPU.Build.0 = Debug|Any CPU
		{1714E4CD-96E8-4E03-AA28-8729E58D7A39}.Debug|x64.ActiveCfg = Debug|Any CPU
		{1714E4CD-96E8-4E03-AA28-8729E58D7A39}.Debug|x64.Build.0 = Debug|Any CPU
		{1714E4CD-96E8-4E03-AA28-8729E58D7A39}.Debug|x86.ActiveCfg = Debug|Any CPU
		{1714E4CD-96E8-4E03-AA28-8729E58D7A39}.Debug|x86.Build.0 = Debug|Any CPU
		{1714E4CD-96E8-4E03-AA28-8729E58D7A39}.Release|Any CPU.ActiveCfg = Release|Any CPU
		{1714E4CD-96E8-4E03-AA28-8729E58D7A39}.Release|Any CPU.Build.0 = Release|Any CPU
		{1714E4CD-96E8-4E03-AA28-8729E58D7A39}.Release|x64.ActiveCfg = Release|Any CPU
		{1714E4CD-96E8-4E03-AA28-8729E58D7A39}.Release|x64.Build.0 = Release|Any CPU
		{1714E4CD-96E8-4E03-AA28-8729E58D7A39}.Release|x86.ActiveCfg = Release|Any CPU
		{1714E4CD-96E8-4E03-AA28-8729E58D7A39}.Release|x86.Build.0 = Release|Any CPU
	EndGlobalSection
	GlobalSection(NestedProjects) = preSolution
		{56C62CC7-E91A-423A-A14F-7CD10B0E7FA0} = {925AF7D6-2F2E-4BD5-A022-20D8BA4C8E91}
		{596DFDEE-FE76-4A6B-9393-3D375C1F4143} = {925AF7D6-2F2E-4BD5-A022-20D8BA4C8E91}
		{180F6A90-586C-4866-83E4-3362131BEAB1} = {925AF7D6-2F2E-4BD5-A022-20D8BA4C8E91}
		{56CE36E3-9E71-4900-AB46-2993A2A88C33} = {1B10CE38-AD8C-4AB0-80BD-A9D62D55B849}
		{1714E4CD-96E8-4E03-AA28-8729E58D7A39} = {56CE36E3-9E71-4900-AB46-2993A2A88C33}
	EndGlobalSection
EndGlobal
