
Microsoft Visual Studio Solution File, Format Version 12.00
# Visual Studio Version 16
VisualStudioVersion = 16.6.30114.105
MinimumVisualStudioVersion = 10.0.40219.1
Project("{2150E333-8FDC-42A3-9474-1A3956D46DE8}") = "Sources", "Sources", "{C6E1C143-8EF9-4B0A-8824-50A4FCC487E8}"
EndProject
Project("{FAE04EC0-301F-11D3-BF4B-00C04F79EFBC}") = "Example.ConsoleApp", "Sources\Example.ConsoleApp\Example.ConsoleApp.csproj", "{EDF52007-29BD-4425-8E94-4430B4631DC4}"
EndProject
Project("{FAE04EC0-301F-11D3-BF4B-00C04F79EFBC}") = "Example.WebApp", "Sources\Example.WebApp\Example.WebApp.csproj", "{59AC0345-DBFA-4ADF-BF24-C948C03B57FA}"
EndProject
Project("{FAE04EC0-301F-11D3-BF4B-00C04F79EFBC}") = "LokiLoggingProvider", "Sources\LokiLoggingProvider\LokiLoggingProvider.csproj", "{7A70FADB-C9BD-41D2-A094-27614DA65BF5}"
EndProject
Project("{2150E333-8FDC-42A3-9474-1A3956D46DE8}") = "Tests", "Tests", "{AEC51178-EA46-4624-BCB6-5A4710BCCE0E}"
EndProject
Project("{FAE04EC0-301F-11D3-BF4B-00C04F79EFBC}") = "LokiLoggingProvider.UnitTests", "Tests\LokiLoggingProvider.UnitTests\LokiLoggingProvider.UnitTests.csproj", "{4AAB08FF-A725-4A53-A981-3F1DA54C068E}"
EndProject
Global
	GlobalSection(SolutionConfigurationPlatforms) = preSolution
		Debug|Any CPU = Debug|Any CPU
		Debug|x64 = Debug|x64
		Debug|x86 = Debug|x86
		Release|Any CPU = Release|Any CPU
		Release|x64 = Release|x64
		Release|x86 = Release|x86
	EndGlobalSection
	GlobalSection(SolutionProperties) = preSolution
		HideSolutionNode = FALSE
	EndGlobalSection
	GlobalSection(ProjectConfigurationPlatforms) = postSolution
		{EDF52007-29BD-4425-8E94-4430B4631DC4}.Debug|Any CPU.ActiveCfg = Debug|Any CPU
		{EDF52007-29BD-4425-8E94-4430B4631DC4}.Debug|Any CPU.Build.0 = Debug|Any CPU
		{EDF52007-29BD-4425-8E94-4430B4631DC4}.Debug|x64.ActiveCfg = Debug|Any CPU
		{EDF52007-29BD-4425-8E94-4430B4631DC4}.Debug|x64.Build.0 = Debug|Any CPU
		{EDF52007-29BD-4425-8E94-4430B4631DC4}.Debug|x86.ActiveCfg = Debug|Any CPU
		{EDF52007-29BD-4425-8E94-4430B4631DC4}.Debug|x86.Build.0 = Debug|Any CPU
		{EDF52007-29BD-4425-8E94-4430B4631DC4}.Release|Any CPU.ActiveCfg = Release|Any CPU
		{EDF52007-29BD-4425-8E94-4430B4631DC4}.Release|Any CPU.Build.0 = Release|Any CPU
		{EDF52007-29BD-4425-8E94-4430B4631DC4}.Release|x64.ActiveCfg = Release|Any CPU
		{EDF52007-29BD-4425-8E94-4430B4631DC4}.Release|x64.Build.0 = Release|Any CPU
		{EDF52007-29BD-4425-8E94-4430B4631DC4}.Release|x86.ActiveCfg = Release|Any CPU
		{EDF52007-29BD-4425-8E94-4430B4631DC4}.Release|x86.Build.0 = Release|Any CPU
		{59AC0345-DBFA-4ADF-BF24-C948C03B57FA}.Debug|Any CPU.ActiveCfg = Debug|Any CPU
		{59AC0345-DBFA-4ADF-BF24-C948C03B57FA}.Debug|Any CPU.Build.0 = Debug|Any CPU
		{59AC0345-DBFA-4ADF-BF24-C948C03B57FA}.Debug|x64.ActiveCfg = Debug|Any CPU
		{59AC0345-DBFA-4ADF-BF24-C948C03B57FA}.Debug|x64.Build.0 = Debug|Any CPU
		{59AC0345-DBFA-4ADF-BF24-C948C03B57FA}.Debug|x86.ActiveCfg = Debug|Any CPU
		{59AC0345-DBFA-4ADF-BF24-C948C03B57FA}.Debug|x86.Build.0 = Debug|Any CPU
		{59AC0345-DBFA-4ADF-BF24-C948C03B57FA}.Release|Any CPU.ActiveCfg = Release|Any CPU
		{59AC0345-DBFA-4ADF-BF24-C948C03B57FA}.Release|Any CPU.Build.0 = Release|Any CPU
		{59AC0345-DBFA-4ADF-BF24-C948C03B57FA}.Release|x64.ActiveCfg = Release|Any CPU
		{59AC0345-DBFA-4ADF-BF24-C948C03B57FA}.Release|x64.Build.0 = Release|Any CPU
		{59AC0345-DBFA-4ADF-BF24-C948C03B57FA}.Release|x86.ActiveCfg = Release|Any CPU
		{59AC0345-DBFA-4ADF-BF24-C948C03B57FA}.Release|x86.Build.0 = Release|Any CPU
		{7A70FADB-C9BD-41D2-A094-27614DA65BF5}.Debug|Any CPU.ActiveCfg = Debug|Any CPU
		{7A70FADB-C9BD-41D2-A094-27614DA65BF5}.Debug|Any CPU.Build.0 = Debug|Any CPU
		{7A70FADB-C9BD-41D2-A094-27614DA65BF5}.Debug|x64.ActiveCfg = Debug|Any CPU
		{7A70FADB-C9BD-41D2-A094-27614DA65BF5}.Debug|x64.Build.0 = Debug|Any CPU
		{7A70FADB-C9BD-41D2-A094-27614DA65BF5}.Debug|x86.ActiveCfg = Debug|Any CPU
		{7A70FADB-C9BD-41D2-A094-27614DA65BF5}.Debug|x86.Build.0 = Debug|Any CPU
		{7A70FADB-C9BD-41D2-A094-27614DA65BF5}.Release|Any CPU.ActiveCfg = Release|Any CPU
		{7A70FADB-C9BD-41D2-A094-27614DA65BF5}.Release|Any CPU.Build.0 = Release|Any CPU
		{7A70FADB-C9BD-41D2-A094-27614DA65BF5}.Release|x64.ActiveCfg = Release|Any CPU
		{7A70FADB-C9BD-41D2-A094-27614DA65BF5}.Release|x64.Build.0 = Release|Any CPU
		{7A70FADB-C9BD-41D2-A094-27614DA65BF5}.Release|x86.ActiveCfg = Release|Any CPU
		{7A70FADB-C9BD-41D2-A094-27614DA65BF5}.Release|x86.Build.0 = Release|Any CPU
		{4AAB08FF-A725-4A53-A981-3F1DA54C068E}.Debug|Any CPU.ActiveCfg = Debug|Any CPU
		{4AAB08FF-A725-4A53-A981-3F1DA54C068E}.Debug|Any CPU.Build.0 = Debug|Any CPU
		{4AAB08FF-A725-4A53-A981-3F1DA54C068E}.Debug|x64.ActiveCfg = Debug|Any CPU
		{4AAB08FF-A725-4A53-A981-3F1DA54C068E}.Debug|x64.Build.0 = Debug|Any CPU
		{4AAB08FF-A725-4A53-A981-3F1DA54C068E}.Debug|x86.ActiveCfg = Debug|Any CPU
		{4AAB08FF-A725-4A53-A981-3F1DA54C068E}.Debug|x86.Build.0 = Debug|Any CPU
		{4AAB08FF-A725-4A53-A981-3F1DA54C068E}.Release|Any CPU.ActiveCfg = Release|Any CPU
		{4AAB08FF-A725-4A53-A981-3F1DA54C068E}.Release|Any CPU.Build.0 = Release|Any CPU
		{4AAB08FF-A725-4A53-A981-3F1DA54C068E}.Release|x64.ActiveCfg = Release|Any CPU
		{4AAB08FF-A725-4A53-A981-3F1DA54C068E}.Release|x64.Build.0 = Release|Any CPU
		{4AAB08FF-A725-4A53-A981-3F1DA54C068E}.Release|x86.ActiveCfg = Release|Any CPU
		{4AAB08FF-A725-4A53-A981-3F1DA54C068E}.Release|x86.Build.0 = Release|Any CPU
	EndGlobalSection
	GlobalSection(NestedProjects) = preSolution
		{EDF52007-29BD-4425-8E94-4430B4631DC4} = {C6E1C143-8EF9-4B0A-8824-50A4FCC487E8}
		{59AC0345-DBFA-4ADF-BF24-C948C03B57FA} = {C6E1C143-8EF9-4B0A-8824-50A4FCC487E8}
		{7A70FADB-C9BD-41D2-A094-27614DA65BF5} = {C6E1C143-8EF9-4B0A-8824-50A4FCC487E8}
		{4AAB08FF-A725-4A53-A981-3F1DA54C068E} = {AEC51178-EA46-4624-BCB6-5A4710BCCE0E}
	EndGlobalSection
EndGlobal
